
Microsoft Visual Studio Solution File, Format Version 12.00
# Visual Studio Version 16
VisualStudioVersion = 16.0.30621.155
MinimumVisualStudioVersion = 10.0.40219.1
Project("{8BC9CEB8-8B4A-11D0-8D11-00A0C91BC942}") = "Program", "Program\Program.vcxproj", "{5640E7EE-14A1-467A-BE8F-5AFC0E3EEB1F}"
EndProject
Project("{8BC9CEB8-8B4A-11D0-8D11-00A0C91BC942}") = "UnitTest", "UnitTest\UnitTest.vcxproj", "{48D0239D-66F3-434C-A81E-CB40D18433A1}"
EndProject
Global
	GlobalSection(SolutionConfigurationPlatforms) = preSolution
		Debug|x64 = Debug|x64
		Debug|x86 = Debug|x86
		Release|x64 = Release|x64
		Release|x86 = Release|x86
	EndGlobalSection
	GlobalSection(ProjectConfigurationPlatforms) = postSolution
		{5640E7EE-14A1-467A-BE8F-5AFC0E3EEB1F}.Debug|x64.ActiveCfg = Debug|x64
		{5640E7EE-14A1-467A-BE8F-5AFC0E3EEB1F}.Debug|x64.Build.0 = Debug|x64
		{5640E7EE-14A1-467A-BE8F-5AFC0E3EEB1F}.Debug|x86.ActiveCfg = Debug|Win32
		{5640E7EE-14A1-467A-BE8F-5AFC0E3EEB1F}.Debug|x86.Build.0 = Debug|Win32
		{5640E7EE-14A1-467A-BE8F-5AFC0E3EEB1F}.Release|x64.ActiveCfg = Release|x64
		{5640E7EE-14A1-467A-BE8F-5AFC0E3EEB1F}.Release|x64.Build.0 = Release|x64
		{5640E7EE-14A1-467A-BE8F-5AFC0E3EEB1F}.Release|x86.ActiveCfg = Release|Win32
		{5640E7EE-14A1-467A-BE8F-5AFC0E3EEB1F}.Release|x86.Build.0 = Release|Win32
		{48D0239D-66F3-434C-A81E-CB40D18433A1}.Debug|x64.ActiveCfg = Debug|x64
		{48D0239D-66F3-434C-A81E-CB40D18433A1}.Debug|x64.Build.0 = Debug|x64
		{48D0239D-66F3-434C-A81E-CB40D18433A1}.Debug|x86.ActiveCfg = Debug|Win32
		{48D0239D-66F3-434C-A81E-CB40D18433A1}.Debug|x86.Build.0 = Debug|Win32
		{48D0239D-66F3-434C-A81E-CB40D18433A1}.Release|x64.ActiveCfg = Release|x64
		{48D0239D-66F3-434C-A81E-CB40D18433A1}.Release|x64.Build.0 = Release|x64
		{48D0239D-66F3-434C-A81E-CB40D18433A1}.Release|x86.ActiveCfg = Release|Win32
		{48D0239D-66F3-434C-A81E-CB40D18433A1}.Release|x86.Build.0 = Release|Win32
	EndGlobalSection
	GlobalSection(SolutionProperties) = preSolution
		HideSolutionNode = FALSE
	EndGlobalSection
	GlobalSection(ExtensibilityGlobals) = postSolution
		SolutionGuid = {3DE22B41-6CF2-4138-B499-C44B066E840C}
	EndGlobalSection
EndGlobal
